
Microsoft Visual Studio Solution File, Format Version 12.00
Project("{2150E333-8FDC-42A3-9474-1A3956D46DE8}") = "FeatureToggles", "FeatureToggles", "{5235CC5C-F576-4F5D-9118-A8B11079A3B5}"
EndProject
Project("{FAE04EC0-301F-11D3-BF4B-00C04F79EFBC}") = "FeatureToggles.Core", "src\FeatureToggles\FeatureToggles.Core\FeatureToggles.Core.csproj", "{F8DEB99F-3FBB-48BC-9101-EFFEB422B53C}"
EndProject
Project("{FAE04EC0-301F-11D3-BF4B-00C04F79EFBC}") = "FeatureTogglesTests", "test\FeatureTogglesTests\FeatureTogglesTests.csproj", "{F20F2690-9972-42FB-B62B-C249712FD2F7}"
EndProject
Project("{2150E333-8FDC-42A3-9474-1A3956D46DE8}") = "Tests", "Tests", "{AB744BAF-A757-4F88-9F36-39F86AD3A47F}"
EndProject
Project("{2150E333-8FDC-42A3-9474-1A3956D46DE8}") = "Implementations", "Implementations", "{2E4AD1FB-38CC-458F-89D7-8FA153A3E534}"
EndProject
Project("{2150E333-8FDC-42A3-9474-1A3956D46DE8}") = "Basic", "Basic", "{1A4A004F-FF50-4000-A089-B57999145485}"
EndProject
Project("{2150E333-8FDC-42A3-9474-1A3956D46DE8}") = "AWS", "AWS", "{17F17FBB-2C8C-4FD5-81B5-6FB0349A17F1}"
EndProject
Project("{2150E333-8FDC-42A3-9474-1A3956D46DE8}") = "Azure", "Azure", "{F3463FB2-0DA4-4813-A5EA-80733FCE8BC8}"
EndProject
Project("{FAE04EC0-301F-11D3-BF4B-00C04F79EFBC}") = "AWSS3FeatureToggleService", "src\FeatureToggles\Implementations\AWS\AWSS3FeatureToggleService\AWSS3FeatureToggleService.csproj", "{3C165CF2-6A0C-4E35-878B-C8230FF9B855}"
EndProject
Project("{FAE04EC0-301F-11D3-BF4B-00C04F79EFBC}") = "AzureBlobStorageFeatureToggleService", "src\FeatureToggles\Implementations\Azure\AzureBlobStorageFeatureToggleService\AzureBlobStorageFeatureToggleService.csproj", "{BD21150E-8BD3-435B-8104-F514720570CF}"
EndProject
Project("{FAE04EC0-301F-11D3-BF4B-00C04F79EFBC}") = "InMemoryFeatureToggles", "src\FeatureToggles\Implementations\Basic\InMemoryFeatureToggles\InMemoryFeatureToggles.csproj", "{B1CB1589-5B08-4C70-810B-C3400EDBA8FF}"
EndProject
Global
	GlobalSection(SolutionConfigurationPlatforms) = preSolution
		Debug|Any CPU = Debug|Any CPU
		Release|Any CPU = Release|Any CPU
	EndGlobalSection
	GlobalSection(ProjectConfigurationPlatforms) = postSolution
		{F8DEB99F-3FBB-48BC-9101-EFFEB422B53C}.Debug|Any CPU.ActiveCfg = Debug|Any CPU
		{F8DEB99F-3FBB-48BC-9101-EFFEB422B53C}.Debug|Any CPU.Build.0 = Debug|Any CPU
		{F8DEB99F-3FBB-48BC-9101-EFFEB422B53C}.Release|Any CPU.ActiveCfg = Release|Any CPU
		{F8DEB99F-3FBB-48BC-9101-EFFEB422B53C}.Release|Any CPU.Build.0 = Release|Any CPU
		{F20F2690-9972-42FB-B62B-C249712FD2F7}.Debug|Any CPU.ActiveCfg = Debug|Any CPU
		{F20F2690-9972-42FB-B62B-C249712FD2F7}.Debug|Any CPU.Build.0 = Debug|Any CPU
		{F20F2690-9972-42FB-B62B-C249712FD2F7}.Release|Any CPU.ActiveCfg = Release|Any CPU
		{F20F2690-9972-42FB-B62B-C249712FD2F7}.Release|Any CPU.Build.0 = Release|Any CPU
		{3C165CF2-6A0C-4E35-878B-C8230FF9B855}.Debug|Any CPU.ActiveCfg = Debug|Any CPU
		{3C165CF2-6A0C-4E35-878B-C8230FF9B855}.Debug|Any CPU.Build.0 = Debug|Any CPU
		{3C165CF2-6A0C-4E35-878B-C8230FF9B855}.Release|Any CPU.ActiveCfg = Release|Any CPU
		{3C165CF2-6A0C-4E35-878B-C8230FF9B855}.Release|Any CPU.Build.0 = Release|Any CPU
		{BD21150E-8BD3-435B-8104-F514720570CF}.Debug|Any CPU.ActiveCfg = Debug|Any CPU
		{BD21150E-8BD3-435B-8104-F514720570CF}.Debug|Any CPU.Build.0 = Debug|Any CPU
		{BD21150E-8BD3-435B-8104-F514720570CF}.Release|Any CPU.ActiveCfg = Release|Any CPU
		{BD21150E-8BD3-435B-8104-F514720570CF}.Release|Any CPU.Build.0 = Release|Any CPU
		{B1CB1589-5B08-4C70-810B-C3400EDBA8FF}.Debug|Any CPU.ActiveCfg = Debug|Any CPU
		{B1CB1589-5B08-4C70-810B-C3400EDBA8FF}.Debug|Any CPU.Build.0 = Debug|Any CPU
		{B1CB1589-5B08-4C70-810B-C3400EDBA8FF}.Release|Any CPU.ActiveCfg = Release|Any CPU
		{B1CB1589-5B08-4C70-810B-C3400EDBA8FF}.Release|Any CPU.Build.0 = Release|Any CPU
	EndGlobalSection
	GlobalSection(NestedProjects) = preSolution
		{F8DEB99F-3FBB-48BC-9101-EFFEB422B53C} = {5235CC5C-F576-4F5D-9118-A8B11079A3B5}
		{AB744BAF-A757-4F88-9F36-39F86AD3A47F} = {5235CC5C-F576-4F5D-9118-A8B11079A3B5}
		{F20F2690-9972-42FB-B62B-C249712FD2F7} = {AB744BAF-A757-4F88-9F36-39F86AD3A47F}
		{2E4AD1FB-38CC-458F-89D7-8FA153A3E534} = {5235CC5C-F576-4F5D-9118-A8B11079A3B5}
		{1A4A004F-FF50-4000-A089-B57999145485} = {2E4AD1FB-38CC-458F-89D7-8FA153A3E534}
		{17F17FBB-2C8C-4FD5-81B5-6FB0349A17F1} = {2E4AD1FB-38CC-458F-89D7-8FA153A3E534}
		{F3463FB2-0DA4-4813-A5EA-80733FCE8BC8} = {2E4AD1FB-38CC-458F-89D7-8FA153A3E534}
		{3C165CF2-6A0C-4E35-878B-C8230FF9B855} = {17F17FBB-2C8C-4FD5-81B5-6FB0349A17F1}
		{BD21150E-8BD3-435B-8104-F514720570CF} = {F3463FB2-0DA4-4813-A5EA-80733FCE8BC8}
		{B1CB1589-5B08-4C70-810B-C3400EDBA8FF} = {1A4A004F-FF50-4000-A089-B57999145485}
	EndGlobalSection
EndGlobal
