
Microsoft Visual Studio Solution File, Format Version 12.00
Project("{2150E333-8FDC-42A3-9474-1A3956D46DE8}") = "FeatureToggles", "FeatureToggles", "{5235CC5C-F576-4F5D-9118-A8B11079A3B5}"
EndProject
Project("{FAE04EC0-301F-11D3-BF4B-00C04F79EFBC}") = "InMemoryFeatureToggles", "src\FeatureToggles\InMemoryFeatureToggles\InMemoryFeatureToggles.csproj", "{8B893866-CC1C-4EFE-9004-A060A674DC13}"
EndProject
Project("{FAE04EC0-301F-11D3-BF4B-00C04F79EFBC}") = "FeatureToggles.Core", "src\FeatureToggles\FeatureToggles.Core\FeatureToggles.Core.csproj", "{F8DEB99F-3FBB-48BC-9101-EFFEB422B53C}"
EndProject
Global
	GlobalSection(SolutionConfigurationPlatforms) = preSolution
		Debug|Any CPU = Debug|Any CPU
		Release|Any CPU = Release|Any CPU
	EndGlobalSection
	GlobalSection(ProjectConfigurationPlatforms) = postSolution
		{8B893866-CC1C-4EFE-9004-A060A674DC13}.Debug|Any CPU.ActiveCfg = Debug|Any CPU
		{8B893866-CC1C-4EFE-9004-A060A674DC13}.Debug|Any CPU.Build.0 = Debug|Any CPU
		{8B893866-CC1C-4EFE-9004-A060A674DC13}.Release|Any CPU.ActiveCfg = Release|Any CPU
		{8B893866-CC1C-4EFE-9004-A060A674DC13}.Release|Any CPU.Build.0 = Release|Any CPU
		{F8DEB99F-3FBB-48BC-9101-EFFEB422B53C}.Debug|Any CPU.ActiveCfg = Debug|Any CPU
		{F8DEB99F-3FBB-48BC-9101-EFFEB422B53C}.Debug|Any CPU.Build.0 = Debug|Any CPU
		{F8DEB99F-3FBB-48BC-9101-EFFEB422B53C}.Release|Any CPU.ActiveCfg = Release|Any CPU
		{F8DEB99F-3FBB-48BC-9101-EFFEB422B53C}.Release|Any CPU.Build.0 = Release|Any CPU
	EndGlobalSection
	GlobalSection(NestedProjects) = preSolution
		{8B893866-CC1C-4EFE-9004-A060A674DC13} = {5235CC5C-F576-4F5D-9118-A8B11079A3B5}
		{F8DEB99F-3FBB-48BC-9101-EFFEB422B53C} = {5235CC5C-F576-4F5D-9118-A8B11079A3B5}
	EndGlobalSection
EndGlobal
