
Microsoft Visual Studio Solution File, Format Version 12.00
Project("{FAE04EC0-301F-11D3-BF4B-00C04F79EFBC}") = "FeatureToggles", "FeatureToggles\FeatureToggles.csproj", "{08A79A8F-D547-4A32-83AC-55F35967CB3B}"
EndProject
Project("{2150E333-8FDC-42A3-9474-1A3956D46DE8}") = "FeatureToggles", "FeatureToggles", "{5235CC5C-F576-4F5D-9118-A8B11079A3B5}"
EndProject
Global
	GlobalSection(SolutionConfigurationPlatforms) = preSolution
		Debug|Any CPU = Debug|Any CPU
		Release|Any CPU = Release|Any CPU
	EndGlobalSection
	GlobalSection(ProjectConfigurationPlatforms) = postSolution
		{08A79A8F-D547-4A32-83AC-55F35967CB3B}.Debug|Any CPU.ActiveCfg = Debug|Any CPU
		{08A79A8F-D547-4A32-83AC-55F35967CB3B}.Debug|Any CPU.Build.0 = Debug|Any CPU
		{08A79A8F-D547-4A32-83AC-55F35967CB3B}.Release|Any CPU.ActiveCfg = Release|Any CPU
		{08A79A8F-D547-4A32-83AC-55F35967CB3B}.Release|Any CPU.Build.0 = Release|Any CPU
	EndGlobalSection
	GlobalSection(NestedProjects) = preSolution
		{08A79A8F-D547-4A32-83AC-55F35967CB3B} = {5235CC5C-F576-4F5D-9118-A8B11079A3B5}
	EndGlobalSection
EndGlobal
